
Microsoft Visual Studio Solution File, Format Version 12.00
# Visual Studio Version 16
VisualStudioVersion = 16.0.31515.178
MinimumVisualStudioVersion = 10.0.40219.1
Project("{FAE04EC0-301F-11D3-BF4B-00C04F79EFBC}") = "Stop Watch", "Stop Watch\Stop Watch.csproj", "{2DAF33A3-5219-4CB4-833D-0C7E781A732B}"
EndProject
Global
	GlobalSection(SolutionConfigurationPlatforms) = preSolution
		Debug|Any CPU = Debug|Any CPU
		Release|Any CPU = Release|Any CPU
	EndGlobalSection
	GlobalSection(ProjectConfigurationPlatforms) = postSolution
		{2DAF33A3-5219-4CB4-833D-0C7E781A732B}.Debug|Any CPU.ActiveCfg = Debug|Any CPU
		{2DAF33A3-5219-4CB4-833D-0C7E781A732B}.Debug|Any CPU.Build.0 = Debug|Any CPU
		{2DAF33A3-5219-4CB4-833D-0C7E781A732B}.Release|Any CPU.ActiveCfg = Release|Any CPU
		{2DAF33A3-5219-4CB4-833D-0C7E781A732B}.Release|Any CPU.Build.0 = Release|Any CPU
	EndGlobalSection
	GlobalSection(SolutionProperties) = preSolution
		HideSolutionNode = FALSE
	EndGlobalSection
	GlobalSection(ExtensibilityGlobals) = postSolution
		SolutionGuid = {6A5C429C-A0E4-4502-BA6D-C8FE59B03DCB}
	EndGlobalSection
EndGlobal
