
Microsoft Visual Studio Solution File, Format Version 12.00
# Visual Studio Version 16
VisualStudioVersion = 16.0.31515.178
MinimumVisualStudioVersion = 10.0.40219.1
Project("{FAE04EC0-301F-11D3-BF4B-00C04F79EFBC}") = "Coupon Numbers", "Coupon Numbers\Coupon Numbers.csproj", "{58DA87AD-2F88-45B3-AD81-0B7E06AF938F}"
EndProject
Global
	GlobalSection(SolutionConfigurationPlatforms) = preSolution
		Debug|Any CPU = Debug|Any CPU
		Release|Any CPU = Release|Any CPU
	EndGlobalSection
	GlobalSection(ProjectConfigurationPlatforms) = postSolution
		{58DA87AD-2F88-45B3-AD81-0B7E06AF938F}.Debug|Any CPU.ActiveCfg = Debug|Any CPU
		{58DA87AD-2F88-45B3-AD81-0B7E06AF938F}.Debug|Any CPU.Build.0 = Debug|Any CPU
		{58DA87AD-2F88-45B3-AD81-0B7E06AF938F}.Release|Any CPU.ActiveCfg = Release|Any CPU
		{58DA87AD-2F88-45B3-AD81-0B7E06AF938F}.Release|Any CPU.Build.0 = Release|Any CPU
	EndGlobalSection
	GlobalSection(SolutionProperties) = preSolution
		HideSolutionNode = FALSE
	EndGlobalSection
	GlobalSection(ExtensibilityGlobals) = postSolution
		SolutionGuid = {C008A6E5-DF91-4BD7-9C90-E0D06D56B9E4}
	EndGlobalSection
EndGlobal
